{
  "name": "spotifyrecenttracks",
  "version": "1.0.0",
  "lockfileVersion": 1,
  "requires": true,
  "dependencies": {
    "@node-fetch/btoa-lite": {
      "version": "github:node-fetch/btoa-lite#1b038dc61d790ca68495a754f5b656dea01f7d63",
      "from": "github:node-fetch/btoa-lite"
    },
    "node-fetch": {
      "version": "2.6.1",
      "resolved": "https://registry.npmjs.org/node-fetch/-/node-fetch-2.6.1.tgz",
      "integrity": "sha512-V4aYg89jEoVRxRb2fJdAg8FHvI7cEyYdVAh94HH0UIK8oJxUfkjlDQN9RbMx+bEjP7+ggMiFRprSti032Oipxw==",
      "dev": true
    }
  }
}
